
Microsoft Visual Studio Solution File, Format Version 12.00
# Visual Studio Version 17
VisualStudioVersion = 17.8.34330.188
MinimumVisualStudioVersion = 10.0.40219.1
Project("{9A19103F-16F7-4668-BE54-9A1E7A4F7556}") = "IPChecker.API", "IPChecker.API.csproj", "{459674EA-7CAB-4CDF-BBB2-B9DE61366B2F}"
EndProject
Project("{FAE04EC0-301F-11D3-BF4B-00C04F79EFBC}") = "IPChecker.Data", "..\IPChecker.Data\IPChecker.Data.csproj", "{FCD4C748-0F2E-45A1-8F30-F0C4C79A7D8F}"
EndProject
Project("{FAE04EC0-301F-11D3-BF4B-00C04F79EFBC}") = "IPChecker.Repository", "..\IPChecker.Repository\IPChecker.Repository.csproj", "{51DFDB38-50F7-4887-AE23-9CD2E344C497}"
EndProject
Project("{FAE04EC0-301F-11D3-BF4B-00C04F79EFBC}") = "IPChecker.Service", "..\IPChecker.Service\IPChecker.Service.csproj", "{89AFBFD9-1F1E-47B3-85E1-DD2F2214F79A}"
EndProject
Global
	GlobalSection(SolutionConfigurationPlatforms) = preSolution
		Debug|Any CPU = Debug|Any CPU
		Release|Any CPU = Release|Any CPU
	EndGlobalSection
	GlobalSection(ProjectConfigurationPlatforms) = postSolution
		{459674EA-7CAB-4CDF-BBB2-B9DE61366B2F}.Debug|Any CPU.ActiveCfg = Debug|Any CPU
		{459674EA-7CAB-4CDF-BBB2-B9DE61366B2F}.Debug|Any CPU.Build.0 = Debug|Any CPU
		{459674EA-7CAB-4CDF-BBB2-B9DE61366B2F}.Release|Any CPU.ActiveCfg = Release|Any CPU
		{459674EA-7CAB-4CDF-BBB2-B9DE61366B2F}.Release|Any CPU.Build.0 = Release|Any CPU
		{FCD4C748-0F2E-45A1-8F30-F0C4C79A7D8F}.Debug|Any CPU.ActiveCfg = Debug|Any CPU
		{FCD4C748-0F2E-45A1-8F30-F0C4C79A7D8F}.Debug|Any CPU.Build.0 = Debug|Any CPU
		{FCD4C748-0F2E-45A1-8F30-F0C4C79A7D8F}.Release|Any CPU.ActiveCfg = Release|Any CPU
		{FCD4C748-0F2E-45A1-8F30-F0C4C79A7D8F}.Release|Any CPU.Build.0 = Release|Any CPU
		{51DFDB38-50F7-4887-AE23-9CD2E344C497}.Debug|Any CPU.ActiveCfg = Debug|Any CPU
		{51DFDB38-50F7-4887-AE23-9CD2E344C497}.Debug|Any CPU.Build.0 = Debug|Any CPU
		{51DFDB38-50F7-4887-AE23-9CD2E344C497}.Release|Any CPU.ActiveCfg = Release|Any CPU
		{51DFDB38-50F7-4887-AE23-9CD2E344C497}.Release|Any CPU.Build.0 = Release|Any CPU
		{89AFBFD9-1F1E-47B3-85E1-DD2F2214F79A}.Debug|Any CPU.ActiveCfg = Debug|Any CPU
		{89AFBFD9-1F1E-47B3-85E1-DD2F2214F79A}.Debug|Any CPU.Build.0 = Debug|Any CPU
		{89AFBFD9-1F1E-47B3-85E1-DD2F2214F79A}.Release|Any CPU.ActiveCfg = Release|Any CPU
		{89AFBFD9-1F1E-47B3-85E1-DD2F2214F79A}.Release|Any CPU.Build.0 = Release|Any CPU
	EndGlobalSection
	GlobalSection(SolutionProperties) = preSolution
		HideSolutionNode = FALSE
	EndGlobalSection
	GlobalSection(ExtensibilityGlobals) = postSolution
		SolutionGuid = {0A37141D-0402-4B71-B7F8-B12E1C8A3171}
	EndGlobalSection
EndGlobal
